<?xml version="1.0" encoding="utf-8"?>
<Project ToolsVersion="4.0" xmlns="http://schemas.microsoft.com/developer/msbuild/2003">
  <ItemGroup>
    <Filter Include="Source Files">
      <UniqueIdentifier>{c9fc5fd7-0d6b-4e98-803f-d176038789f4}</UniqueIdentifier>
      <Extensions>cpp;c;cxx;rc;def;r;odl;idl;hpj;bat</Extensions>
    </Filter>
    <Filter Include="Header Files">
      <UniqueIdentifier>{6348eedc-977a-4c46-91a2-6d1efac6337f}</UniqueIdentifier>
      <Extensions>h;hpp;hxx;hm;inl</Extensions>
    </Filter>
    <Filter Include="Resource Files">
      <UniqueIdentifier>{2246da99-6f6d-4801-afd1-13ed3609f1d3}</UniqueIdentifier>
      <Extensions>ico;cur;bmp;dlg;rc2;rct;bin;rgs;gif;jpg;jpeg;jpe</Extensions>
    </Filter>
  </ItemGroup>
  <ItemGroup>
    <ClCompile Include="ComDictionary.cpp">
      <Filter>Source Files</Filter>
    </ClCompile>
    <ClCompile Include="ComDomen.cpp">
      <Filter>Source Files</Filter>
    </ClCompile>
    <ClCompile Include="ComField.cpp">
      <Filter>Source Files</Filter>
    </ClCompile>
    <ClCompile Include="ComSignat.cpp">
      <Filter>Source Files</Filter>
    </ClCompile>
    <ClCompile Include="ComTempArticle.cpp">
      <Filter>Source Files</Filter>
    </ClCompile>
    <ClCompile Include="ComTextField.cpp">
      <Filter>Source Files</Filter>
    </ClCompile>
    <ClCompile Include="StdPch.cpp">
      <Filter>Source Files</Filter>
    </ClCompile>
    <ClCompile Include="StructDict.cpp">
      <Filter>Source Files</Filter>
    </ClCompile>
    <ClCompile Include="..\common\utilit.cpp">
      <Filter>Source Files</Filter>
    </ClCompile>
  </ItemGroup>
  <ItemGroup>
    <None Include="StructDict.def">
      <Filter>Source Files</Filter>
    </None>
    <None Include="ComDictionary.rgs">
      <Filter>Resource Files</Filter>
    </None>
    <None Include="ComDomen.rgs">
      <Filter>Resource Files</Filter>
    </None>
    <None Include="ComField.rgs">
      <Filter>Resource Files</Filter>
    </None>
    <None Include="ComSignat.rgs">
      <Filter>Resource Files</Filter>
    </None>
    <None Include="ComTempArticle.rgs">
      <Filter>Resource Files</Filter>
    </None>
    <None Include="ComTextField.rgs">
      <Filter>Resource Files</Filter>
    </None>
    <None Include="Dictionary.rgs">
      <Filter>Resource Files</Filter>
    </None>
    <None Include="..\Seman\SemStructure.rgs">
      <Filter>Resource Files</Filter>
    </None>
  </ItemGroup>
  <ItemGroup>
    <Midl Include="StructDict.idl">
      <Filter>Source Files</Filter>
    </Midl>
  </ItemGroup>
  <ItemGroup>
    <ResourceCompile Include="StructDict.rc">
      <Filter>Source Files</Filter>
    </ResourceCompile>
  </ItemGroup>
  <ItemGroup>
    <ClInclude Include="ComDictionary.h">
      <Filter>Header Files</Filter>
    </ClInclude>
    <ClInclude Include="ComDomen.h">
      <Filter>Header Files</Filter>
    </ClInclude>
    <ClInclude Include="ComField.h">
      <Filter>Header Files</Filter>
    </ClInclude>
    <ClInclude Include="ComSignat.h">
      <Filter>Header Files</Filter>
    </ClInclude>
    <ClInclude Include="ComTempArticle.h">
      <Filter>Header Files</Filter>
    </ClInclude>
    <ClInclude Include="ComTextField.h">
      <Filter>Header Files</Filter>
    </ClInclude>
    <ClInclude Include="..\COMMON\cortege.h">
      <Filter>Header Files</Filter>
    </ClInclude>
    <ClInclude Include="..\Common\DialingLicense.h">
      <Filter>Header Files</Filter>
    </ClInclude>
    <ClInclude Include="Domen.h">
      <Filter>Header Files</Filter>
    </ClInclude>
    <ClInclude Include="ItemsContainer.h">
      <Filter>Header Files</Filter>
    </ClInclude>
    <ClInclude Include="Resource.h">
      <Filter>Header Files</Filter>
    </ClInclude>
    <ClInclude Include="StdPch.h">
      <Filter>Header Files</Filter>
    </ClInclude>
    <ClInclude Include="..\COMMON\Str_pp.h">
      <Filter>Header Files</Filter>
    </ClInclude>
    <ClInclude Include="StructDictConsts.h">
      <Filter>Header Files</Filter>
    </ClInclude>
    <ClInclude Include="..\COMMON\Utilit.h">
      <Filter>Header Files</Filter>
    </ClInclude>
  </ItemGroup>
</Project>