<?xml version="1.0" encoding="utf-8"?>
<Project ToolsVersion="4.0" xmlns="http://schemas.microsoft.com/developer/msbuild/2003">
  <ItemGroup>
    <Filter Include="Source Files">
      <UniqueIdentifier>{97807d51-2d11-47f5-b184-bbd5f6be2301}</UniqueIdentifier>
      <Extensions>cpp;c;cxx;rc;def;r;odl;idl;hpj;bat</Extensions>
    </Filter>
    <Filter Include="Header Files">
      <UniqueIdentifier>{0a42ffc6-5b43-41b1-ac01-f2d4469e7676}</UniqueIdentifier>
      <Extensions>h;hpp;hxx;hm;inl</Extensions>
    </Filter>
  </ItemGroup>
  <ItemGroup>
    <ClCompile Include="..\common\AncodePattern.cpp">
      <Filter>Source Files</Filter>
    </ClCompile>
    <ClCompile Include="Fio.cpp">
      <Filter>Source Files</Filter>
    </ClCompile>
    <ClCompile Include="..\common\Homonym.cpp">
      <Filter>Source Files</Filter>
    </ClCompile>
    <ClCompile Include="..\common\LemWord.cpp">
      <Filter>Source Files</Filter>
    </ClCompile>
    <ClCompile Include="MAPostInit.cpp">
      <Filter>Source Files</Filter>
    </ClCompile>
    <ClCompile Include="MAPostMain.cpp">
      <Filter>Source Files</Filter>
    </ClCompile>
    <ClCompile Include="PostLemWord.cpp">
      <Filter>Source Files</Filter>
    </ClCompile>
    <ClCompile Include="..\common\rus_numerals.cpp">
      <Filter>Source Files</Filter>
    </ClCompile>
  </ItemGroup>
  <ItemGroup>
    <ClInclude Include="..\common\AncodePattern.h">
      <Filter>Header Files</Filter>
    </ClInclude>
    <ClInclude Include="..\common\Homonym.h">
      <Filter>Header Files</Filter>
    </ClInclude>
    <ClInclude Include="..\common\LemWord.h">
      <Filter>Header Files</Filter>
    </ClInclude>
    <ClInclude Include="MAPostMain.h">
      <Filter>Header Files</Filter>
    </ClInclude>
    <ClInclude Include="..\common\PlmLine.h">
      <Filter>Header Files</Filter>
    </ClInclude>
    <ClInclude Include="PostLemWord.h">
      <Filter>Header Files</Filter>
    </ClInclude>
    <ClInclude Include="PostMorphInterface.h">
      <Filter>Header Files</Filter>
    </ClInclude>
  </ItemGroup>
</Project>