<?xml version="1.0" encoding="utf-8"?>
<Project ToolsVersion="4.0" xmlns="http://schemas.microsoft.com/developer/msbuild/2003">
  <ItemGroup>
    <Filter Include="Source Files">
      <UniqueIdentifier>{e46b5c92-12f7-4df3-9c35-a967d9d04185}</UniqueIdentifier>
      <Extensions>cpp;c;cxx;rc;def;r;odl;idl;hpj;bat</Extensions>
    </Filter>
    <Filter Include="Source Files\Formats">
      <UniqueIdentifier>{8086c28e-a327-4b49-95fb-d483b7bf8a4b}</UniqueIdentifier>
    </Filter>
    <Filter Include="Header Files">
      <UniqueIdentifier>{4a156406-a4d3-423f-be87-db4911e54785}</UniqueIdentifier>
      <Extensions>h;hpp;hxx;hm;inl</Extensions>
    </Filter>
  </ItemGroup>
  <ItemGroup>
    <ClCompile Include="AnalyticalForms.cpp">
      <Filter>Source Files</Filter>
    </ClCompile>
    <ClCompile Include="BaseRules.cpp">
      <Filter>Source Files</Filter>
    </ClCompile>
    <ClCompile Include="FragCoord.cpp">
      <Filter>Source Files</Filter>
    </ClCompile>
    <ClCompile Include="FragDisrupt.cpp">
      <Filter>Source Files</Filter>
    </ClCompile>
    <ClCompile Include="FragPustycha.cpp">
      <Filter>Source Files</Filter>
    </ClCompile>
    <ClCompile Include="HomonymsKiller.cpp">
      <Filter>Source Files</Filter>
    </ClCompile>
    <ClCompile Include="NSO.CPP">
      <Filter>Source Files</Filter>
    </ClCompile>
    <ClCompile Include="Participles.cpp">
      <Filter>Source Files</Filter>
    </ClCompile>
    <ClCompile Include="RuleForSimilarNounGroupClauses.cpp">
      <Filter>Source Files</Filter>
    </ClCompile>
    <ClCompile Include="RusBuildInitialClauses.cpp">
      <Filter>Source Files</Filter>
    </ClCompile>
    <ClCompile Include="RusClause.cpp">
      <Filter>Source Files</Filter>
    </ClCompile>
    <ClCompile Include="RusFormatCaller.cpp">
      <Filter>Source Files</Filter>
    </ClCompile>
    <ClCompile Include="RusGroup.cpp">
      <Filter>Source Files</Filter>
    </ClCompile>
    <ClCompile Include="RusOborot.cpp">
      <Filter>Source Files</Filter>
    </ClCompile>
    <ClCompile Include="RusParenthesis.cpp">
      <Filter>Source Files</Filter>
    </ClCompile>
    <ClCompile Include="RusSentence.cpp">
      <Filter>Source Files</Filter>
    </ClCompile>
    <ClCompile Include="RusSyntaxOpt.cpp">
      <Filter>Source Files</Filter>
    </ClCompile>
    <ClCompile Include="RusThesaurus.cpp">
      <Filter>Source Files</Filter>
    </ClCompile>
    <ClCompile Include="RusWord.cpp">
      <Filter>Source Files</Filter>
    </ClCompile>
    <ClCompile Include="StdSynan.cpp">
      <Filter>Source Files</Filter>
    </ClCompile>
    <ClCompile Include="SynanDash.cpp">
      <Filter>Source Files</Filter>
    </ClCompile>
    <ClCompile Include="SynSubjPred.cpp">
      <Filter>Source Files</Filter>
    </ClCompile>
    <ClCompile Include="Adverbs.cpp">
      <Filter>Source Files\Formats</Filter>
    </ClCompile>
    <ClCompile Include="foreign_term.cpp">
      <Filter>Source Files\Formats</Filter>
    </ClCompile>
    <ClCompile Include="gen_chains.cpp">
      <Filter>Source Files\Formats</Filter>
    </ClCompile>
    <ClCompile Include="Gleiche.cpp">
      <Filter>Source Files\Formats</Filter>
    </ClCompile>
    <ClCompile Include="Names.cpp">
      <Filter>Source Files\Formats</Filter>
    </ClCompile>
    <ClCompile Include="noun_adjunct_group.cpp">
      <Filter>Source Files\Formats</Filter>
    </ClCompile>
    <ClCompile Include="Numbers.cpp">
      <Filter>Source Files\Formats</Filter>
    </ClCompile>
    <ClCompile Include="prepositions.cpp">
      <Filter>Source Files\Formats</Filter>
    </ClCompile>
    <ClCompile Include="Selective.cpp">
      <Filter>Source Files\Formats</Filter>
    </ClCompile>
    <ClCompile Include="similar_adjs.cpp">
      <Filter>Source Files\Formats</Filter>
    </ClCompile>
    <ClCompile Include="similar_advs.cpp">
      <Filter>Source Files\Formats</Filter>
    </ClCompile>
    <ClCompile Include="similar_common.cpp">
      <Filter>Source Files\Formats</Filter>
    </ClCompile>
    <ClCompile Include="similar_infs.cpp">
      <Filter>Source Files\Formats</Filter>
    </ClCompile>
    <ClCompile Include="similar_noun_groups.cpp">
      <Filter>Source Files\Formats</Filter>
    </ClCompile>
    <ClCompile Include="Verbs.cpp">
      <Filter>Source Files\Formats</Filter>
    </ClCompile>
    <ClCompile Include="similar_numerals.cpp">
      <Filter>Header Files</Filter>
    </ClCompile>
  </ItemGroup>
  <ItemGroup>
    <ClInclude Include="HomonymsKiller.h">
      <Filter>Source Files\Formats</Filter>
    </ClInclude>
    <ClInclude Include="RusClause.h">
      <Filter>Header Files</Filter>
    </ClInclude>
    <ClInclude Include="RusFormatCaller.h">
      <Filter>Header Files</Filter>
    </ClInclude>
    <ClInclude Include="RusGroup.h">
      <Filter>Header Files</Filter>
    </ClInclude>
    <ClInclude Include="RusOborot.h">
      <Filter>Header Files</Filter>
    </ClInclude>
    <ClInclude Include="RusPlmLine.h">
      <Filter>Header Files</Filter>
    </ClInclude>
    <ClInclude Include="RusSentence.h">
      <Filter>Header Files</Filter>
    </ClInclude>
    <ClInclude Include="RusSyntaxOpt.h">
      <Filter>Header Files</Filter>
    </ClInclude>
    <ClInclude Include="RusThesaurus.h">
      <Filter>Header Files</Filter>
    </ClInclude>
    <ClInclude Include="RusWord.h">
      <Filter>Header Files</Filter>
    </ClInclude>
    <ClInclude Include="StdSynan.h">
      <Filter>Header Files</Filter>
    </ClInclude>
    <ClInclude Include="..\common\syn_consts.h">
      <Filter>Header Files</Filter>
    </ClInclude>
    <ClInclude Include="..\COMMON\Utilit.h">
      <Filter>Header Files</Filter>
    </ClInclude>
  </ItemGroup>
</Project>