<?xml version="1.0" encoding="utf-8"?>
<Project ToolsVersion="4.0" xmlns="http://schemas.microsoft.com/developer/msbuild/2003">
  <ItemGroup>
    <Filter Include="Source Files">
      <UniqueIdentifier>{4FC737F1-C7A5-4376-A066-2A32D752A2FF}</UniqueIdentifier>
      <Extensions>cpp;c;cxx;def;odl;idl;hpj;bat;asm;asmx</Extensions>
    </Filter>
    <Filter Include="Header Files">
      <UniqueIdentifier>{93995380-89BD-4b04-88EB-625FBE52EBFB}</UniqueIdentifier>
      <Extensions>h;hpp;hxx;hm;inl;inc;xsd</Extensions>
    </Filter>
    <Filter Include="Resource Files">
      <UniqueIdentifier>{67DA6AB6-F800-4c08-8B7A-83BB121AAD01}</UniqueIdentifier>
      <Extensions>rc;ico;cur;bmp;dlg;rc2;rct;bin;rgs;gif;jpg;jpeg;jpe;resx</Extensions>
    </Filter>
  </ItemGroup>
  <ItemGroup>
    <ClCompile Include="AllRossesHolder.cpp">
      <Filter>Source Files</Filter>
    </ClCompile>
    <ClCompile Include="DictUnitInterp.cpp">
      <Filter>Source Files</Filter>
    </ClCompile>
    <ClCompile Include="GenerateNewForm.cpp">
      <Filter>Source Files</Filter>
    </ClCompile>
    <ClCompile Include="HierarchyHolder.cpp">
      <Filter>Source Files</Filter>
    </ClCompile>
    <ClCompile Include="RossHolder.cpp">
      <Filter>Source Files</Filter>
    </ClCompile>
    <ClCompile Include="RussianSynthesis.cpp">
      <Filter>Source Files</Filter>
    </ClCompile>
    <ClCompile Include="SemanHypotGraph.cpp">
      <Filter>Source Files</Filter>
    </ClCompile>
    <ClCompile Include="SemanPattern.cpp">
      <Filter>Source Files</Filter>
    </ClCompile>
    <ClCompile Include="SemanticAnswer.cpp">
      <Filter>Source Files</Filter>
    </ClCompile>
    <ClCompile Include="SemanticClause.cpp">
      <Filter>Source Files</Filter>
    </ClCompile>
    <ClCompile Include="SemanticColloc.cpp">
      <Filter>Source Files</Filter>
    </ClCompile>
    <ClCompile Include="SemanticCommon.cpp">
      <Filter>Source Files</Filter>
    </ClCompile>
    <ClCompile Include="SemanticCompar.cpp">
      <Filter>Source Files</Filter>
    </ClCompile>
    <ClCompile Include="SemanticGraph.cpp">
      <Filter>Source Files</Filter>
    </ClCompile>
    <ClCompile Include="SemanticIdealize.cpp">
      <Filter>Source Files</Filter>
    </ClCompile>
    <ClCompile Include="SemanticLength.cpp">
      <Filter>Source Files</Filter>
    </ClCompile>
    <ClCompile Include="SemanticLexFuncts.cpp">
      <Filter>Source Files</Filter>
    </ClCompile>
    <ClCompile Include="SemanticLexVariant.cpp">
      <Filter>Source Files</Filter>
    </ClCompile>
    <ClCompile Include="SemanticLoc.cpp">
      <Filter>Source Files</Filter>
    </ClCompile>
    <ClCompile Include="SemanticMNA.cpp">
      <Filter>Source Files</Filter>
    </ClCompile>
    <ClCompile Include="SemanticNumeral.cpp">
      <Filter>Source Files</Filter>
    </ClCompile>
    <ClCompile Include="SemanticRusPrimitives.cpp">
      <Filter>Source Files</Filter>
    </ClCompile>
    <ClCompile Include="SemanticsHolder.cpp">
      <Filter>Source Files</Filter>
    </ClCompile>
    <ClCompile Include="SemanticStrAn.cpp">
      <Filter>Source Files</Filter>
    </ClCompile>
    <ClCompile Include="SemanticSynRelation.cpp">
      <Filter>Source Files</Filter>
    </ClCompile>
    <ClCompile Include="SemanticThesaurus.cpp">
      <Filter>Source Files</Filter>
    </ClCompile>
    <ClCompile Include="SemanticTime.cpp">
      <Filter>Source Files</Filter>
    </ClCompile>
    <ClCompile Include="SemanticTree.cpp">
      <Filter>Source Files</Filter>
    </ClCompile>
    <ClCompile Include="SemanticWeight.cpp">
      <Filter>Source Files</Filter>
    </ClCompile>
    <ClCompile Include="SemPattern.cpp">
      <Filter>Source Files</Filter>
    </ClCompile>
    <ClCompile Include="SemStructureBuilder.cpp">
      <Filter>Source Files</Filter>
    </ClCompile>
    <ClCompile Include="stdafx.cpp">
      <Filter>Source Files</Filter>
    </ClCompile>
    <ClCompile Include="..\common\SyntaxHolder.cpp">
      <Filter>Source Files</Filter>
    </ClCompile>
    <ClCompile Include="TransferSyntaxRelationToSemantics.cpp">
      <Filter>Source Files</Filter>
    </ClCompile>
    <ClCompile Include="TranslatorHolder.cpp">
      <Filter>Source Files</Filter>
    </ClCompile>
    <ClCompile Include="Valency.cpp">
      <Filter>Source Files</Filter>
    </ClCompile>
  </ItemGroup>
  <ItemGroup>
    <ClInclude Include="AllRossesHolder.h">
      <Filter>Header Files</Filter>
    </ClInclude>
    <ClInclude Include="DictUnitInterp.h">
      <Filter>Header Files</Filter>
    </ClInclude>
    <ClInclude Include="HierarchyHolder.h">
      <Filter>Header Files</Filter>
    </ClInclude>
    <ClInclude Include="LexFuncts.h">
      <Filter>Header Files</Filter>
    </ClInclude>
    <ClInclude Include="RossHolder.h">
      <Filter>Header Files</Filter>
    </ClInclude>
    <ClInclude Include="SemanticNumeral.h">
      <Filter>Header Files</Filter>
    </ClInclude>
    <ClInclude Include="SemanticRusStructure.h">
      <Filter>Header Files</Filter>
    </ClInclude>
    <ClInclude Include="SemanticsHolder.h">
      <Filter>Header Files</Filter>
    </ClInclude>
    <ClInclude Include="SemanticStructure.h">
      <Filter>Header Files</Filter>
    </ClInclude>
    <ClInclude Include="SemanticWeight.h">
      <Filter>Header Files</Filter>
    </ClInclude>
    <ClInclude Include="SemPattern.h">
      <Filter>Header Files</Filter>
    </ClInclude>
    <ClInclude Include="SemStructureBuilder.h">
      <Filter>Header Files</Filter>
    </ClInclude>
    <ClInclude Include="stdafx.h">
      <Filter>Header Files</Filter>
    </ClInclude>
    <ClInclude Include="TranslatorHolder.h">
      <Filter>Header Files</Filter>
    </ClInclude>
    <ClInclude Include="..\common\util_classes.h">
      <Filter>Header Files</Filter>
    </ClInclude>
    <ClInclude Include="..\common\utilit.h">
      <Filter>Header Files</Filter>
    </ClInclude>
    <ClInclude Include="Valency.h">
      <Filter>Header Files</Filter>
    </ClInclude>
  </ItemGroup>
  <ItemGroup>
    <Text Include="ReadMe.txt" />
  </ItemGroup>
</Project>