<?xml version="1.0" encoding="utf-8"?>
<Project ToolsVersion="4.0" xmlns="http://schemas.microsoft.com/developer/msbuild/2003">
  <ItemGroup>
    <Filter Include="Source Files">
      <UniqueIdentifier>{18030865-db05-4a53-b0b6-5f25fc5e7164}</UniqueIdentifier>
    </Filter>
    <Filter Include="Header Files">
      <UniqueIdentifier>{b3459a78-e49d-4a7a-be48-750171feedaa}</UniqueIdentifier>
    </Filter>
  </ItemGroup>
  <ItemGroup>
    <ClCompile Include="pcre_chartables.cpp">
      <Filter>Source Files</Filter>
    </ClCompile>
    <ClCompile Include="pcre_compile.cpp">
      <Filter>Source Files</Filter>
    </ClCompile>
    <ClCompile Include="pcre_config.cpp">
      <Filter>Source Files</Filter>
    </ClCompile>
    <ClCompile Include="pcre_dfa_exec.cpp">
      <Filter>Source Files</Filter>
    </ClCompile>
    <ClCompile Include="pcre_exec.cpp">
      <Filter>Source Files</Filter>
    </ClCompile>
    <ClCompile Include="pcre_fullinfo.cpp">
      <Filter>Source Files</Filter>
    </ClCompile>
    <ClCompile Include="pcre_get.cpp">
      <Filter>Source Files</Filter>
    </ClCompile>
    <ClCompile Include="pcre_globals.cpp">
      <Filter>Source Files</Filter>
    </ClCompile>
    <ClCompile Include="pcre_info.cpp">
      <Filter>Source Files</Filter>
    </ClCompile>
    <ClCompile Include="pcre_maketables.cpp">
      <Filter>Source Files</Filter>
    </ClCompile>
    <ClCompile Include="pcre_newline.cpp">
      <Filter>Source Files</Filter>
    </ClCompile>
    <ClCompile Include="pcre_ord2utf8.cpp">
      <Filter>Source Files</Filter>
    </ClCompile>
    <ClCompile Include="pcre_refcount.cpp">
      <Filter>Source Files</Filter>
    </ClCompile>
    <ClCompile Include="pcre_study.cpp">
      <Filter>Source Files</Filter>
    </ClCompile>
    <ClCompile Include="pcre_tables.cpp">
      <Filter>Source Files</Filter>
    </ClCompile>
    <ClCompile Include="pcre_try_flipped.cpp">
      <Filter>Source Files</Filter>
    </ClCompile>
    <ClCompile Include="pcre_ucp_searchfuncs.cpp">
      <Filter>Source Files</Filter>
    </ClCompile>
    <ClCompile Include="pcre_valid_utf8.cpp">
      <Filter>Source Files</Filter>
    </ClCompile>
    <ClCompile Include="pcre_version.cpp">
      <Filter>Source Files</Filter>
    </ClCompile>
    <ClCompile Include="pcre_xclass.cpp">
      <Filter>Source Files</Filter>
    </ClCompile>
    <ClCompile Include="pcreposix.cpp">
      <Filter>Source Files</Filter>
    </ClCompile>
    <ClCompile Include="pcre_rml.cpp" />
  </ItemGroup>
  <ItemGroup>
    <ClInclude Include="pcre_rml.h">
      <Filter>Header Files</Filter>
    </ClInclude>
    <ClInclude Include="pcreposix.h">
      <Filter>Header Files</Filter>
    </ClInclude>
  </ItemGroup>
</Project>