
Microsoft Visual Studio Solution File, Format Version 12.00
# Visual Studio 2013
VisualStudioVersion = 12.0.21005.1
MinimumVisualStudioVersion = 10.0.40219.1
Project("{8BC9CEB8-8B4A-11D0-8D11-00A0C91BC942}") = "AgramtabLib", "..\AgramtabLib\AgramtabLib.vcxproj", "{EC376DB7-618B-4FC5-8360-08D19D92A248}"
EndProject
Project("{8BC9CEB8-8B4A-11D0-8D11-00A0C91BC942}") = "common", "..\common\common.vcxproj", "{FDF5C0DA-AE02-46FB-91C1-A31B60F120D6}"
EndProject
Project("{8BC9CEB8-8B4A-11D0-8D11-00A0C91BC942}") = "GraphanLib", "..\GraphanLib\GraphanLib.vcxproj", "{EC09B576-3BBF-4B15-94B5-D18F7C26F7BB}"
EndProject
Project("{8BC9CEB8-8B4A-11D0-8D11-00A0C91BC942}") = "GraphmatThick", "..\GraphmatThick\GraphmatThick.vcxproj", "{BB821F10-0D0A-45DB-9028-720052A72E39}"
EndProject
Project("{8BC9CEB8-8B4A-11D0-8D11-00A0C91BC942}") = "LemmatizerLib", "..\LemmatizerLib\LemmatizerLib.vcxproj", "{EC567657-FE6A-43FB-A30D-6830BA615013}"
EndProject
Project("{8BC9CEB8-8B4A-11D0-8D11-00A0C91BC942}") = "MorphWizardLib", "..\MorphWizardLib\MorphWizardLib.vcxproj", "{01912CE6-602E-4372-8F0F-D31480F52484}"
EndProject
Project("{8BC9CEB8-8B4A-11D0-8D11-00A0C91BC942}") = "PCRE", "..\PCRE\PCRE.vcxproj", "{2E74E3A4-4C60-4495-8029-9B16774EC0C6}"
EndProject
Project("{8BC9CEB8-8B4A-11D0-8D11-00A0C91BC942}") = "StructDictLib", "..\StructDictLib\StructDictLib.vcxproj", "{6EF31D8F-11DE-4E85-AC7E-5EC87015BEA3}"
EndProject
Project("{8BC9CEB8-8B4A-11D0-8D11-00A0C91BC942}") = "MAPostLib", "..\MAPostLib\MAPostLib.vcxproj", "{826C72AF-77D2-4FAA-8E2E-2EC05530FC91}"
EndProject
Project("{8BC9CEB8-8B4A-11D0-8D11-00A0C91BC942}") = "TrigramLib", "..\TrigramLib\TrigramLib.vcxproj", "{DE7A9722-7715-4480-93AD-C9CF3F02D19C}"
EndProject
Project("{8BC9CEB8-8B4A-11D0-8D11-00A0C91BC942}") = "SynCommonLib", "..\SynCommonLib\SynCommonLib.vcxproj", "{0F7F8378-5CBA-4B88-9AF9-2BF88E1084AB}"
EndProject
Project("{8BC9CEB8-8B4A-11D0-8D11-00A0C91BC942}") = "SynanLib", "..\SynanLib\SynanLib.vcxproj", "{913F5B92-6E3F-4034-BBB3-6A426F0C0C78}"
EndProject
Project("{8BC9CEB8-8B4A-11D0-8D11-00A0C91BC942}") = "RmlThesLib", "..\RmlThesLib\RmlThesLib.vcxproj", "{DDD77DCE-8A14-4307-8E0D-7FD1C56D52CD}"
EndProject
Project("{8BC9CEB8-8B4A-11D0-8D11-00A0C91BC942}") = "seman", "..\Seman\seman.vcxproj", "{8E135C5B-2ED1-4CA6-905B-392CCD1842F5}"
EndProject
Project("{8BC9CEB8-8B4A-11D0-8D11-00A0C91BC942}") = "SemanLib", "..\SemanLib\SemanLib.vcxproj", "{72DC8DB2-5F04-4A4D-B7AB-9CFC7A9B3220}"
EndProject
Project("{8BC9CEB8-8B4A-11D0-8D11-00A0C91BC942}") = "BinaryDictsLib", "..\BinaryDictsLib\BinaryDictsLib.vcxproj", "{2441799D-228E-4666-AB47-2D6C794C501E}"
EndProject
Project("{8BC9CEB8-8B4A-11D0-8D11-00A0C91BC942}") = "Transfer", "..\Transfer\Transfer.vcxproj", "{C74E5A2C-E38F-4CC1-BC29-F278302DB510}"
EndProject
Project("{8BC9CEB8-8B4A-11D0-8D11-00A0C91BC942}") = "graphan", "..\graphan\graphan.vcxproj", "{DFC6E289-AD89-4CDC-BC52-32A71B230CF6}"
EndProject
Project("{8BC9CEB8-8B4A-11D0-8D11-00A0C91BC942}") = "StructDict", "..\StructDict\StructDict.vcxproj", "{8A83F533-A053-4C9A-AAEA-D5EA4B088CAE}"
EndProject
Project("{8BC9CEB8-8B4A-11D0-8D11-00A0C91BC942}") = "BinaryDictsClient", "..\BinaryDictsClient\BinaryDictsClient.vcxproj", "{31C0E39F-BEDC-4D7B-A1EF-B127692F627E}"
EndProject
Project("{8BC9CEB8-8B4A-11D0-8D11-00A0C91BC942}") = "AprDictGen", "..\AprDictGen\AprDictGen.vcxproj", "{71634C87-3193-4907-9C0C-C258FD1505BC}"
EndProject
Project("{8BC9CEB8-8B4A-11D0-8D11-00A0C91BC942}") = "asp_read", "..\asp_read\asp_read.vcxproj", "{D9B04AF5-2158-49AD-847B-FE1D7F09456D}"
EndProject
Project("{8BC9CEB8-8B4A-11D0-8D11-00A0C91BC942}") = "deriv_read", "..\deriv_read\deriv_read.vcxproj", "{12CF8485-F48B-45D4-A5C6-B3B8D008210A}"
EndProject
Project("{8BC9CEB8-8B4A-11D0-8D11-00A0C91BC942}") = "GenFreqDict", "..\GenFreqDict\GenFreqDict.vcxproj", "{CF7C3B79-E3BC-413A-A340-94FAAF398258}"
EndProject
Project("{8BC9CEB8-8B4A-11D0-8D11-00A0C91BC942}") = "GenSynDict", "..\GenSynDict\GenSynDict.vcxproj", "{B89C764C-D3E0-4F45-A396-E9EF874CD288}"
EndProject
Global
	GlobalSection(SolutionConfigurationPlatforms) = preSolution
		Debug_DLL|Win32 = Debug_DLL|Win32
		Debug|Win32 = Debug|Win32
		MinSizeRel|Win32 = MinSizeRel|Win32
		Release_DLL|Win32 = Release_DLL|Win32
		Release|Win32 = Release|Win32
		RelWithDebInfo|Win32 = RelWithDebInfo|Win32
	EndGlobalSection
	GlobalSection(ProjectConfigurationPlatforms) = postSolution
		{EC376DB7-618B-4FC5-8360-08D19D92A248}.Debug_DLL|Win32.ActiveCfg = Debug|Win32
		{EC376DB7-618B-4FC5-8360-08D19D92A248}.Debug_DLL|Win32.Build.0 = Debug|Win32
		{EC376DB7-618B-4FC5-8360-08D19D92A248}.Debug|Win32.ActiveCfg = Debug|Win32
		{EC376DB7-618B-4FC5-8360-08D19D92A248}.Debug|Win32.Build.0 = Debug|Win32
		{EC376DB7-618B-4FC5-8360-08D19D92A248}.MinSizeRel|Win32.ActiveCfg = Release|Win32
		{EC376DB7-618B-4FC5-8360-08D19D92A248}.MinSizeRel|Win32.Build.0 = Release|Win32
		{EC376DB7-618B-4FC5-8360-08D19D92A248}.Release_DLL|Win32.ActiveCfg = Release|Win32
		{EC376DB7-618B-4FC5-8360-08D19D92A248}.Release_DLL|Win32.Build.0 = Release|Win32
		{EC376DB7-618B-4FC5-8360-08D19D92A248}.Release|Win32.ActiveCfg = Release|Win32
		{EC376DB7-618B-4FC5-8360-08D19D92A248}.Release|Win32.Build.0 = Release|Win32
		{EC376DB7-618B-4FC5-8360-08D19D92A248}.RelWithDebInfo|Win32.ActiveCfg = Release|Win32
		{EC376DB7-618B-4FC5-8360-08D19D92A248}.RelWithDebInfo|Win32.Build.0 = Release|Win32
		{FDF5C0DA-AE02-46FB-91C1-A31B60F120D6}.Debug_DLL|Win32.ActiveCfg = Debug|Win32
		{FDF5C0DA-AE02-46FB-91C1-A31B60F120D6}.Debug_DLL|Win32.Build.0 = Debug|Win32
		{FDF5C0DA-AE02-46FB-91C1-A31B60F120D6}.Debug|Win32.ActiveCfg = Debug|Win32
		{FDF5C0DA-AE02-46FB-91C1-A31B60F120D6}.Debug|Win32.Build.0 = Debug|Win32
		{FDF5C0DA-AE02-46FB-91C1-A31B60F120D6}.MinSizeRel|Win32.ActiveCfg = Release|Win32
		{FDF5C0DA-AE02-46FB-91C1-A31B60F120D6}.MinSizeRel|Win32.Build.0 = Release|Win32
		{FDF5C0DA-AE02-46FB-91C1-A31B60F120D6}.Release_DLL|Win32.ActiveCfg = Release|Win32
		{FDF5C0DA-AE02-46FB-91C1-A31B60F120D6}.Release_DLL|Win32.Build.0 = Release|Win32
		{FDF5C0DA-AE02-46FB-91C1-A31B60F120D6}.Release|Win32.ActiveCfg = Release|Win32
		{FDF5C0DA-AE02-46FB-91C1-A31B60F120D6}.Release|Win32.Build.0 = Release|Win32
		{FDF5C0DA-AE02-46FB-91C1-A31B60F120D6}.RelWithDebInfo|Win32.ActiveCfg = Release|Win32
		{FDF5C0DA-AE02-46FB-91C1-A31B60F120D6}.RelWithDebInfo|Win32.Build.0 = Release|Win32
		{EC09B576-3BBF-4B15-94B5-D18F7C26F7BB}.Debug_DLL|Win32.ActiveCfg = Debug|Win32
		{EC09B576-3BBF-4B15-94B5-D18F7C26F7BB}.Debug_DLL|Win32.Build.0 = Debug|Win32
		{EC09B576-3BBF-4B15-94B5-D18F7C26F7BB}.Debug|Win32.ActiveCfg = Debug|Win32
		{EC09B576-3BBF-4B15-94B5-D18F7C26F7BB}.Debug|Win32.Build.0 = Debug|Win32
		{EC09B576-3BBF-4B15-94B5-D18F7C26F7BB}.MinSizeRel|Win32.ActiveCfg = Release|Win32
		{EC09B576-3BBF-4B15-94B5-D18F7C26F7BB}.MinSizeRel|Win32.Build.0 = Release|Win32
		{EC09B576-3BBF-4B15-94B5-D18F7C26F7BB}.Release_DLL|Win32.ActiveCfg = Release|Win32
		{EC09B576-3BBF-4B15-94B5-D18F7C26F7BB}.Release_DLL|Win32.Build.0 = Release|Win32
		{EC09B576-3BBF-4B15-94B5-D18F7C26F7BB}.Release|Win32.ActiveCfg = Release|Win32
		{EC09B576-3BBF-4B15-94B5-D18F7C26F7BB}.Release|Win32.Build.0 = Release|Win32
		{EC09B576-3BBF-4B15-94B5-D18F7C26F7BB}.RelWithDebInfo|Win32.ActiveCfg = Release|Win32
		{EC09B576-3BBF-4B15-94B5-D18F7C26F7BB}.RelWithDebInfo|Win32.Build.0 = Release|Win32
		{BB821F10-0D0A-45DB-9028-720052A72E39}.Debug_DLL|Win32.ActiveCfg = Debug|Win32
		{BB821F10-0D0A-45DB-9028-720052A72E39}.Debug_DLL|Win32.Build.0 = Debug|Win32
		{BB821F10-0D0A-45DB-9028-720052A72E39}.Debug|Win32.ActiveCfg = Debug|Win32
		{BB821F10-0D0A-45DB-9028-720052A72E39}.Debug|Win32.Build.0 = Debug|Win32
		{BB821F10-0D0A-45DB-9028-720052A72E39}.MinSizeRel|Win32.ActiveCfg = Release|Win32
		{BB821F10-0D0A-45DB-9028-720052A72E39}.MinSizeRel|Win32.Build.0 = Release|Win32
		{BB821F10-0D0A-45DB-9028-720052A72E39}.Release_DLL|Win32.ActiveCfg = Release|Win32
		{BB821F10-0D0A-45DB-9028-720052A72E39}.Release_DLL|Win32.Build.0 = Release|Win32
		{BB821F10-0D0A-45DB-9028-720052A72E39}.Release|Win32.ActiveCfg = Release|Win32
		{BB821F10-0D0A-45DB-9028-720052A72E39}.Release|Win32.Build.0 = Release|Win32
		{BB821F10-0D0A-45DB-9028-720052A72E39}.RelWithDebInfo|Win32.ActiveCfg = Release|Win32
		{BB821F10-0D0A-45DB-9028-720052A72E39}.RelWithDebInfo|Win32.Build.0 = Release|Win32
		{EC567657-FE6A-43FB-A30D-6830BA615013}.Debug_DLL|Win32.ActiveCfg = Debug|Win32
		{EC567657-FE6A-43FB-A30D-6830BA615013}.Debug_DLL|Win32.Build.0 = Debug|Win32
		{EC567657-FE6A-43FB-A30D-6830BA615013}.Debug|Win32.ActiveCfg = Debug|Win32
		{EC567657-FE6A-43FB-A30D-6830BA615013}.Debug|Win32.Build.0 = Debug|Win32
		{EC567657-FE6A-43FB-A30D-6830BA615013}.MinSizeRel|Win32.ActiveCfg = Release|Win32
		{EC567657-FE6A-43FB-A30D-6830BA615013}.MinSizeRel|Win32.Build.0 = Release|Win32
		{EC567657-FE6A-43FB-A30D-6830BA615013}.Release_DLL|Win32.ActiveCfg = Release|Win32
		{EC567657-FE6A-43FB-A30D-6830BA615013}.Release_DLL|Win32.Build.0 = Release|Win32
		{EC567657-FE6A-43FB-A30D-6830BA615013}.Release|Win32.ActiveCfg = Release|Win32
		{EC567657-FE6A-43FB-A30D-6830BA615013}.Release|Win32.Build.0 = Release|Win32
		{EC567657-FE6A-43FB-A30D-6830BA615013}.RelWithDebInfo|Win32.ActiveCfg = Release|Win32
		{EC567657-FE6A-43FB-A30D-6830BA615013}.RelWithDebInfo|Win32.Build.0 = Release|Win32
		{01912CE6-602E-4372-8F0F-D31480F52484}.Debug_DLL|Win32.ActiveCfg = Debug|Win32
		{01912CE6-602E-4372-8F0F-D31480F52484}.Debug_DLL|Win32.Build.0 = Debug|Win32
		{01912CE6-602E-4372-8F0F-D31480F52484}.Debug|Win32.ActiveCfg = Debug|Win32
		{01912CE6-602E-4372-8F0F-D31480F52484}.Debug|Win32.Build.0 = Debug|Win32
		{01912CE6-602E-4372-8F0F-D31480F52484}.MinSizeRel|Win32.ActiveCfg = Release|Win32
		{01912CE6-602E-4372-8F0F-D31480F52484}.MinSizeRel|Win32.Build.0 = Release|Win32
		{01912CE6-602E-4372-8F0F-D31480F52484}.Release_DLL|Win32.ActiveCfg = Release|Win32
		{01912CE6-602E-4372-8F0F-D31480F52484}.Release_DLL|Win32.Build.0 = Release|Win32
		{01912CE6-602E-4372-8F0F-D31480F52484}.Release|Win32.ActiveCfg = Release|Win32
		{01912CE6-602E-4372-8F0F-D31480F52484}.Release|Win32.Build.0 = Release|Win32
		{01912CE6-602E-4372-8F0F-D31480F52484}.RelWithDebInfo|Win32.ActiveCfg = Release|Win32
		{01912CE6-602E-4372-8F0F-D31480F52484}.RelWithDebInfo|Win32.Build.0 = Release|Win32
		{2E74E3A4-4C60-4495-8029-9B16774EC0C6}.Debug_DLL|Win32.ActiveCfg = Debug|Win32
		{2E74E3A4-4C60-4495-8029-9B16774EC0C6}.Debug_DLL|Win32.Build.0 = Debug|Win32
		{2E74E3A4-4C60-4495-8029-9B16774EC0C6}.Debug|Win32.ActiveCfg = Debug|Win32
		{2E74E3A4-4C60-4495-8029-9B16774EC0C6}.Debug|Win32.Build.0 = Debug|Win32
		{2E74E3A4-4C60-4495-8029-9B16774EC0C6}.MinSizeRel|Win32.ActiveCfg = MinSizeRel|Win32
		{2E74E3A4-4C60-4495-8029-9B16774EC0C6}.MinSizeRel|Win32.Build.0 = MinSizeRel|Win32
		{2E74E3A4-4C60-4495-8029-9B16774EC0C6}.Release_DLL|Win32.ActiveCfg = Release|Win32
		{2E74E3A4-4C60-4495-8029-9B16774EC0C6}.Release_DLL|Win32.Build.0 = Release|Win32
		{2E74E3A4-4C60-4495-8029-9B16774EC0C6}.Release|Win32.ActiveCfg = Release|Win32
		{2E74E3A4-4C60-4495-8029-9B16774EC0C6}.Release|Win32.Build.0 = Release|Win32
		{2E74E3A4-4C60-4495-8029-9B16774EC0C6}.RelWithDebInfo|Win32.ActiveCfg = RelWithDebInfo|Win32
		{2E74E3A4-4C60-4495-8029-9B16774EC0C6}.RelWithDebInfo|Win32.Build.0 = RelWithDebInfo|Win32
		{6EF31D8F-11DE-4E85-AC7E-5EC87015BEA3}.Debug_DLL|Win32.ActiveCfg = Debug|Win32
		{6EF31D8F-11DE-4E85-AC7E-5EC87015BEA3}.Debug_DLL|Win32.Build.0 = Debug|Win32
		{6EF31D8F-11DE-4E85-AC7E-5EC87015BEA3}.Debug|Win32.ActiveCfg = Debug|Win32
		{6EF31D8F-11DE-4E85-AC7E-5EC87015BEA3}.Debug|Win32.Build.0 = Debug|Win32
		{6EF31D8F-11DE-4E85-AC7E-5EC87015BEA3}.MinSizeRel|Win32.ActiveCfg = Release|Win32
		{6EF31D8F-11DE-4E85-AC7E-5EC87015BEA3}.MinSizeRel|Win32.Build.0 = Release|Win32
		{6EF31D8F-11DE-4E85-AC7E-5EC87015BEA3}.Release_DLL|Win32.ActiveCfg = Release|Win32
		{6EF31D8F-11DE-4E85-AC7E-5EC87015BEA3}.Release_DLL|Win32.Build.0 = Release|Win32
		{6EF31D8F-11DE-4E85-AC7E-5EC87015BEA3}.Release|Win32.ActiveCfg = Release|Win32
		{6EF31D8F-11DE-4E85-AC7E-5EC87015BEA3}.Release|Win32.Build.0 = Release|Win32
		{6EF31D8F-11DE-4E85-AC7E-5EC87015BEA3}.RelWithDebInfo|Win32.ActiveCfg = Release|Win32
		{6EF31D8F-11DE-4E85-AC7E-5EC87015BEA3}.RelWithDebInfo|Win32.Build.0 = Release|Win32
		{826C72AF-77D2-4FAA-8E2E-2EC05530FC91}.Debug_DLL|Win32.ActiveCfg = Debug|Win32
		{826C72AF-77D2-4FAA-8E2E-2EC05530FC91}.Debug_DLL|Win32.Build.0 = Debug|Win32
		{826C72AF-77D2-4FAA-8E2E-2EC05530FC91}.Debug|Win32.ActiveCfg = Debug|Win32
		{826C72AF-77D2-4FAA-8E2E-2EC05530FC91}.Debug|Win32.Build.0 = Debug|Win32
		{826C72AF-77D2-4FAA-8E2E-2EC05530FC91}.MinSizeRel|Win32.ActiveCfg = Release|Win32
		{826C72AF-77D2-4FAA-8E2E-2EC05530FC91}.MinSizeRel|Win32.Build.0 = Release|Win32
		{826C72AF-77D2-4FAA-8E2E-2EC05530FC91}.Release_DLL|Win32.ActiveCfg = Release|Win32
		{826C72AF-77D2-4FAA-8E2E-2EC05530FC91}.Release_DLL|Win32.Build.0 = Release|Win32
		{826C72AF-77D2-4FAA-8E2E-2EC05530FC91}.Release|Win32.ActiveCfg = Release|Win32
		{826C72AF-77D2-4FAA-8E2E-2EC05530FC91}.Release|Win32.Build.0 = Release|Win32
		{826C72AF-77D2-4FAA-8E2E-2EC05530FC91}.RelWithDebInfo|Win32.ActiveCfg = Release|Win32
		{826C72AF-77D2-4FAA-8E2E-2EC05530FC91}.RelWithDebInfo|Win32.Build.0 = Release|Win32
		{DE7A9722-7715-4480-93AD-C9CF3F02D19C}.Debug_DLL|Win32.ActiveCfg = Debug|Win32
		{DE7A9722-7715-4480-93AD-C9CF3F02D19C}.Debug_DLL|Win32.Build.0 = Debug|Win32
		{DE7A9722-7715-4480-93AD-C9CF3F02D19C}.Debug|Win32.ActiveCfg = Debug|Win32
		{DE7A9722-7715-4480-93AD-C9CF3F02D19C}.Debug|Win32.Build.0 = Debug|Win32
		{DE7A9722-7715-4480-93AD-C9CF3F02D19C}.MinSizeRel|Win32.ActiveCfg = Release|Win32
		{DE7A9722-7715-4480-93AD-C9CF3F02D19C}.MinSizeRel|Win32.Build.0 = Release|Win32
		{DE7A9722-7715-4480-93AD-C9CF3F02D19C}.Release_DLL|Win32.ActiveCfg = Release|Win32
		{DE7A9722-7715-4480-93AD-C9CF3F02D19C}.Release_DLL|Win32.Build.0 = Release|Win32
		{DE7A9722-7715-4480-93AD-C9CF3F02D19C}.Release|Win32.ActiveCfg = Release|Win32
		{DE7A9722-7715-4480-93AD-C9CF3F02D19C}.Release|Win32.Build.0 = Release|Win32
		{DE7A9722-7715-4480-93AD-C9CF3F02D19C}.RelWithDebInfo|Win32.ActiveCfg = Release|Win32
		{DE7A9722-7715-4480-93AD-C9CF3F02D19C}.RelWithDebInfo|Win32.Build.0 = Release|Win32
		{0F7F8378-5CBA-4B88-9AF9-2BF88E1084AB}.Debug_DLL|Win32.ActiveCfg = Debug|Win32
		{0F7F8378-5CBA-4B88-9AF9-2BF88E1084AB}.Debug_DLL|Win32.Build.0 = Debug|Win32
		{0F7F8378-5CBA-4B88-9AF9-2BF88E1084AB}.Debug|Win32.ActiveCfg = Debug|Win32
		{0F7F8378-5CBA-4B88-9AF9-2BF88E1084AB}.Debug|Win32.Build.0 = Debug|Win32
		{0F7F8378-5CBA-4B88-9AF9-2BF88E1084AB}.MinSizeRel|Win32.ActiveCfg = Release|Win32
		{0F7F8378-5CBA-4B88-9AF9-2BF88E1084AB}.MinSizeRel|Win32.Build.0 = Release|Win32
		{0F7F8378-5CBA-4B88-9AF9-2BF88E1084AB}.Release_DLL|Win32.ActiveCfg = Release|Win32
		{0F7F8378-5CBA-4B88-9AF9-2BF88E1084AB}.Release_DLL|Win32.Build.0 = Release|Win32
		{0F7F8378-5CBA-4B88-9AF9-2BF88E1084AB}.Release|Win32.ActiveCfg = Release|Win32
		{0F7F8378-5CBA-4B88-9AF9-2BF88E1084AB}.Release|Win32.Build.0 = Release|Win32
		{0F7F8378-5CBA-4B88-9AF9-2BF88E1084AB}.RelWithDebInfo|Win32.ActiveCfg = Release|Win32
		{0F7F8378-5CBA-4B88-9AF9-2BF88E1084AB}.RelWithDebInfo|Win32.Build.0 = Release|Win32
		{913F5B92-6E3F-4034-BBB3-6A426F0C0C78}.Debug_DLL|Win32.ActiveCfg = Debug|Win32
		{913F5B92-6E3F-4034-BBB3-6A426F0C0C78}.Debug_DLL|Win32.Build.0 = Debug|Win32
		{913F5B92-6E3F-4034-BBB3-6A426F0C0C78}.Debug|Win32.ActiveCfg = Debug|Win32
		{913F5B92-6E3F-4034-BBB3-6A426F0C0C78}.Debug|Win32.Build.0 = Debug|Win32
		{913F5B92-6E3F-4034-BBB3-6A426F0C0C78}.MinSizeRel|Win32.ActiveCfg = Release|Win32
		{913F5B92-6E3F-4034-BBB3-6A426F0C0C78}.MinSizeRel|Win32.Build.0 = Release|Win32
		{913F5B92-6E3F-4034-BBB3-6A426F0C0C78}.Release_DLL|Win32.ActiveCfg = Release|Win32
		{913F5B92-6E3F-4034-BBB3-6A426F0C0C78}.Release_DLL|Win32.Build.0 = Release|Win32
		{913F5B92-6E3F-4034-BBB3-6A426F0C0C78}.Release|Win32.ActiveCfg = Release|Win32
		{913F5B92-6E3F-4034-BBB3-6A426F0C0C78}.Release|Win32.Build.0 = Release|Win32
		{913F5B92-6E3F-4034-BBB3-6A426F0C0C78}.RelWithDebInfo|Win32.ActiveCfg = Release|Win32
		{913F5B92-6E3F-4034-BBB3-6A426F0C0C78}.RelWithDebInfo|Win32.Build.0 = Release|Win32
		{DDD77DCE-8A14-4307-8E0D-7FD1C56D52CD}.Debug_DLL|Win32.ActiveCfg = Debug|Win32
		{DDD77DCE-8A14-4307-8E0D-7FD1C56D52CD}.Debug_DLL|Win32.Build.0 = Debug|Win32
		{DDD77DCE-8A14-4307-8E0D-7FD1C56D52CD}.Debug|Win32.ActiveCfg = Debug|Win32
		{DDD77DCE-8A14-4307-8E0D-7FD1C56D52CD}.Debug|Win32.Build.0 = Debug|Win32
		{DDD77DCE-8A14-4307-8E0D-7FD1C56D52CD}.MinSizeRel|Win32.ActiveCfg = Release|Win32
		{DDD77DCE-8A14-4307-8E0D-7FD1C56D52CD}.MinSizeRel|Win32.Build.0 = Release|Win32
		{DDD77DCE-8A14-4307-8E0D-7FD1C56D52CD}.Release_DLL|Win32.ActiveCfg = Release|Win32
		{DDD77DCE-8A14-4307-8E0D-7FD1C56D52CD}.Release_DLL|Win32.Build.0 = Release|Win32
		{DDD77DCE-8A14-4307-8E0D-7FD1C56D52CD}.Release|Win32.ActiveCfg = Release|Win32
		{DDD77DCE-8A14-4307-8E0D-7FD1C56D52CD}.Release|Win32.Build.0 = Release|Win32
		{DDD77DCE-8A14-4307-8E0D-7FD1C56D52CD}.RelWithDebInfo|Win32.ActiveCfg = Release|Win32
		{DDD77DCE-8A14-4307-8E0D-7FD1C56D52CD}.RelWithDebInfo|Win32.Build.0 = Release|Win32
		{8E135C5B-2ED1-4CA6-905B-392CCD1842F5}.Debug_DLL|Win32.ActiveCfg = Debug|Win32
		{8E135C5B-2ED1-4CA6-905B-392CCD1842F5}.Debug_DLL|Win32.Build.0 = Debug|Win32
		{8E135C5B-2ED1-4CA6-905B-392CCD1842F5}.Debug|Win32.ActiveCfg = Debug|Win32
		{8E135C5B-2ED1-4CA6-905B-392CCD1842F5}.Debug|Win32.Build.0 = Debug|Win32
		{8E135C5B-2ED1-4CA6-905B-392CCD1842F5}.MinSizeRel|Win32.ActiveCfg = Release|Win32
		{8E135C5B-2ED1-4CA6-905B-392CCD1842F5}.MinSizeRel|Win32.Build.0 = Release|Win32
		{8E135C5B-2ED1-4CA6-905B-392CCD1842F5}.Release_DLL|Win32.ActiveCfg = Release|Win32
		{8E135C5B-2ED1-4CA6-905B-392CCD1842F5}.Release_DLL|Win32.Build.0 = Release|Win32
		{8E135C5B-2ED1-4CA6-905B-392CCD1842F5}.Release|Win32.ActiveCfg = Release|Win32
		{8E135C5B-2ED1-4CA6-905B-392CCD1842F5}.Release|Win32.Build.0 = Release|Win32
		{8E135C5B-2ED1-4CA6-905B-392CCD1842F5}.RelWithDebInfo|Win32.ActiveCfg = Release|Win32
		{8E135C5B-2ED1-4CA6-905B-392CCD1842F5}.RelWithDebInfo|Win32.Build.0 = Release|Win32
		{72DC8DB2-5F04-4A4D-B7AB-9CFC7A9B3220}.Debug_DLL|Win32.ActiveCfg = Debug|Win32
		{72DC8DB2-5F04-4A4D-B7AB-9CFC7A9B3220}.Debug_DLL|Win32.Build.0 = Debug|Win32
		{72DC8DB2-5F04-4A4D-B7AB-9CFC7A9B3220}.Debug|Win32.ActiveCfg = Debug|Win32
		{72DC8DB2-5F04-4A4D-B7AB-9CFC7A9B3220}.Debug|Win32.Build.0 = Debug|Win32
		{72DC8DB2-5F04-4A4D-B7AB-9CFC7A9B3220}.MinSizeRel|Win32.ActiveCfg = Release|Win32
		{72DC8DB2-5F04-4A4D-B7AB-9CFC7A9B3220}.MinSizeRel|Win32.Build.0 = Release|Win32
		{72DC8DB2-5F04-4A4D-B7AB-9CFC7A9B3220}.Release_DLL|Win32.ActiveCfg = Release|Win32
		{72DC8DB2-5F04-4A4D-B7AB-9CFC7A9B3220}.Release_DLL|Win32.Build.0 = Release|Win32
		{72DC8DB2-5F04-4A4D-B7AB-9CFC7A9B3220}.Release|Win32.ActiveCfg = Release|Win32
		{72DC8DB2-5F04-4A4D-B7AB-9CFC7A9B3220}.Release|Win32.Build.0 = Release|Win32
		{72DC8DB2-5F04-4A4D-B7AB-9CFC7A9B3220}.RelWithDebInfo|Win32.ActiveCfg = Release|Win32
		{72DC8DB2-5F04-4A4D-B7AB-9CFC7A9B3220}.RelWithDebInfo|Win32.Build.0 = Release|Win32
		{2441799D-228E-4666-AB47-2D6C794C501E}.Debug_DLL|Win32.ActiveCfg = Debug|Win32
		{2441799D-228E-4666-AB47-2D6C794C501E}.Debug_DLL|Win32.Build.0 = Debug|Win32
		{2441799D-228E-4666-AB47-2D6C794C501E}.Debug|Win32.ActiveCfg = Debug|Win32
		{2441799D-228E-4666-AB47-2D6C794C501E}.Debug|Win32.Build.0 = Debug|Win32
		{2441799D-228E-4666-AB47-2D6C794C501E}.MinSizeRel|Win32.ActiveCfg = Release|Win32
		{2441799D-228E-4666-AB47-2D6C794C501E}.MinSizeRel|Win32.Build.0 = Release|Win32
		{2441799D-228E-4666-AB47-2D6C794C501E}.Release_DLL|Win32.ActiveCfg = Release|Win32
		{2441799D-228E-4666-AB47-2D6C794C501E}.Release_DLL|Win32.Build.0 = Release|Win32
		{2441799D-228E-4666-AB47-2D6C794C501E}.Release|Win32.ActiveCfg = Release|Win32
		{2441799D-228E-4666-AB47-2D6C794C501E}.Release|Win32.Build.0 = Release|Win32
		{2441799D-228E-4666-AB47-2D6C794C501E}.RelWithDebInfo|Win32.ActiveCfg = Release|Win32
		{2441799D-228E-4666-AB47-2D6C794C501E}.RelWithDebInfo|Win32.Build.0 = Release|Win32
		{C74E5A2C-E38F-4CC1-BC29-F278302DB510}.Debug_DLL|Win32.ActiveCfg = Debug|Win32
		{C74E5A2C-E38F-4CC1-BC29-F278302DB510}.Debug_DLL|Win32.Build.0 = Debug|Win32
		{C74E5A2C-E38F-4CC1-BC29-F278302DB510}.Debug|Win32.ActiveCfg = Debug|Win32
		{C74E5A2C-E38F-4CC1-BC29-F278302DB510}.Debug|Win32.Build.0 = Debug|Win32
		{C74E5A2C-E38F-4CC1-BC29-F278302DB510}.MinSizeRel|Win32.ActiveCfg = Release|Win32
		{C74E5A2C-E38F-4CC1-BC29-F278302DB510}.MinSizeRel|Win32.Build.0 = Release|Win32
		{C74E5A2C-E38F-4CC1-BC29-F278302DB510}.Release_DLL|Win32.ActiveCfg = Release|Win32
		{C74E5A2C-E38F-4CC1-BC29-F278302DB510}.Release_DLL|Win32.Build.0 = Release|Win32
		{C74E5A2C-E38F-4CC1-BC29-F278302DB510}.Release|Win32.ActiveCfg = Release|Win32
		{C74E5A2C-E38F-4CC1-BC29-F278302DB510}.Release|Win32.Build.0 = Release|Win32
		{C74E5A2C-E38F-4CC1-BC29-F278302DB510}.RelWithDebInfo|Win32.ActiveCfg = Release|Win32
		{C74E5A2C-E38F-4CC1-BC29-F278302DB510}.RelWithDebInfo|Win32.Build.0 = Release|Win32
		{DFC6E289-AD89-4CDC-BC52-32A71B230CF6}.Debug_DLL|Win32.ActiveCfg = Debug|Win32
		{DFC6E289-AD89-4CDC-BC52-32A71B230CF6}.Debug_DLL|Win32.Build.0 = Debug|Win32
		{DFC6E289-AD89-4CDC-BC52-32A71B230CF6}.Debug|Win32.ActiveCfg = Debug|Win32
		{DFC6E289-AD89-4CDC-BC52-32A71B230CF6}.Debug|Win32.Build.0 = Debug|Win32
		{DFC6E289-AD89-4CDC-BC52-32A71B230CF6}.MinSizeRel|Win32.ActiveCfg = Release|Win32
		{DFC6E289-AD89-4CDC-BC52-32A71B230CF6}.MinSizeRel|Win32.Build.0 = Release|Win32
		{DFC6E289-AD89-4CDC-BC52-32A71B230CF6}.Release_DLL|Win32.ActiveCfg = Release|Win32
		{DFC6E289-AD89-4CDC-BC52-32A71B230CF6}.Release_DLL|Win32.Build.0 = Release|Win32
		{DFC6E289-AD89-4CDC-BC52-32A71B230CF6}.Release|Win32.ActiveCfg = Release|Win32
		{DFC6E289-AD89-4CDC-BC52-32A71B230CF6}.Release|Win32.Build.0 = Release|Win32
		{DFC6E289-AD89-4CDC-BC52-32A71B230CF6}.RelWithDebInfo|Win32.ActiveCfg = Release|Win32
		{DFC6E289-AD89-4CDC-BC52-32A71B230CF6}.RelWithDebInfo|Win32.Build.0 = Release|Win32
		{8A83F533-A053-4C9A-AAEA-D5EA4B088CAE}.Debug_DLL|Win32.ActiveCfg = Debug|Win32
		{8A83F533-A053-4C9A-AAEA-D5EA4B088CAE}.Debug_DLL|Win32.Build.0 = Debug|Win32
		{8A83F533-A053-4C9A-AAEA-D5EA4B088CAE}.Debug|Win32.ActiveCfg = Debug|Win32
		{8A83F533-A053-4C9A-AAEA-D5EA4B088CAE}.Debug|Win32.Build.0 = Debug|Win32
		{8A83F533-A053-4C9A-AAEA-D5EA4B088CAE}.MinSizeRel|Win32.ActiveCfg = Release|Win32
		{8A83F533-A053-4C9A-AAEA-D5EA4B088CAE}.MinSizeRel|Win32.Build.0 = Release|Win32
		{8A83F533-A053-4C9A-AAEA-D5EA4B088CAE}.Release_DLL|Win32.ActiveCfg = Release|Win32
		{8A83F533-A053-4C9A-AAEA-D5EA4B088CAE}.Release_DLL|Win32.Build.0 = Release|Win32
		{8A83F533-A053-4C9A-AAEA-D5EA4B088CAE}.Release|Win32.ActiveCfg = Release|Win32
		{8A83F533-A053-4C9A-AAEA-D5EA4B088CAE}.Release|Win32.Build.0 = Release|Win32
		{8A83F533-A053-4C9A-AAEA-D5EA4B088CAE}.RelWithDebInfo|Win32.ActiveCfg = Release|Win32
		{8A83F533-A053-4C9A-AAEA-D5EA4B088CAE}.RelWithDebInfo|Win32.Build.0 = Release|Win32
		{31C0E39F-BEDC-4D7B-A1EF-B127692F627E}.Debug_DLL|Win32.ActiveCfg = Debug_DLL|Win32
		{31C0E39F-BEDC-4D7B-A1EF-B127692F627E}.Debug_DLL|Win32.Build.0 = Debug_DLL|Win32
		{31C0E39F-BEDC-4D7B-A1EF-B127692F627E}.Debug|Win32.ActiveCfg = Debug_DLL|Win32
		{31C0E39F-BEDC-4D7B-A1EF-B127692F627E}.Debug|Win32.Build.0 = Debug_DLL|Win32
		{31C0E39F-BEDC-4D7B-A1EF-B127692F627E}.MinSizeRel|Win32.ActiveCfg = Debug_DLL|Win32
		{31C0E39F-BEDC-4D7B-A1EF-B127692F627E}.MinSizeRel|Win32.Build.0 = Debug_DLL|Win32
		{31C0E39F-BEDC-4D7B-A1EF-B127692F627E}.Release_DLL|Win32.ActiveCfg = Release_DLL|Win32
		{31C0E39F-BEDC-4D7B-A1EF-B127692F627E}.Release_DLL|Win32.Build.0 = Release_DLL|Win32
		{31C0E39F-BEDC-4D7B-A1EF-B127692F627E}.Release|Win32.ActiveCfg = Release_DLL|Win32
		{31C0E39F-BEDC-4D7B-A1EF-B127692F627E}.Release|Win32.Build.0 = Release_DLL|Win32
		{31C0E39F-BEDC-4D7B-A1EF-B127692F627E}.RelWithDebInfo|Win32.ActiveCfg = Release_DLL|Win32
		{31C0E39F-BEDC-4D7B-A1EF-B127692F627E}.RelWithDebInfo|Win32.Build.0 = Release_DLL|Win32
		{71634C87-3193-4907-9C0C-C258FD1505BC}.Debug_DLL|Win32.ActiveCfg = Debug|Win32
		{71634C87-3193-4907-9C0C-C258FD1505BC}.Debug_DLL|Win32.Build.0 = Debug|Win32
		{71634C87-3193-4907-9C0C-C258FD1505BC}.Debug|Win32.ActiveCfg = Debug|Win32
		{71634C87-3193-4907-9C0C-C258FD1505BC}.Debug|Win32.Build.0 = Debug|Win32
		{71634C87-3193-4907-9C0C-C258FD1505BC}.MinSizeRel|Win32.ActiveCfg = Release|Win32
		{71634C87-3193-4907-9C0C-C258FD1505BC}.MinSizeRel|Win32.Build.0 = Release|Win32
		{71634C87-3193-4907-9C0C-C258FD1505BC}.Release_DLL|Win32.ActiveCfg = Release|Win32
		{71634C87-3193-4907-9C0C-C258FD1505BC}.Release_DLL|Win32.Build.0 = Release|Win32
		{71634C87-3193-4907-9C0C-C258FD1505BC}.Release|Win32.ActiveCfg = Release|Win32
		{71634C87-3193-4907-9C0C-C258FD1505BC}.Release|Win32.Build.0 = Release|Win32
		{71634C87-3193-4907-9C0C-C258FD1505BC}.RelWithDebInfo|Win32.ActiveCfg = Release|Win32
		{71634C87-3193-4907-9C0C-C258FD1505BC}.RelWithDebInfo|Win32.Build.0 = Release|Win32
		{D9B04AF5-2158-49AD-847B-FE1D7F09456D}.Debug_DLL|Win32.ActiveCfg = Debug|Win32
		{D9B04AF5-2158-49AD-847B-FE1D7F09456D}.Debug_DLL|Win32.Build.0 = Debug|Win32
		{D9B04AF5-2158-49AD-847B-FE1D7F09456D}.Debug|Win32.ActiveCfg = Debug|Win32
		{D9B04AF5-2158-49AD-847B-FE1D7F09456D}.Debug|Win32.Build.0 = Debug|Win32
		{D9B04AF5-2158-49AD-847B-FE1D7F09456D}.MinSizeRel|Win32.ActiveCfg = Release|Win32
		{D9B04AF5-2158-49AD-847B-FE1D7F09456D}.MinSizeRel|Win32.Build.0 = Release|Win32
		{D9B04AF5-2158-49AD-847B-FE1D7F09456D}.Release_DLL|Win32.ActiveCfg = Release|Win32
		{D9B04AF5-2158-49AD-847B-FE1D7F09456D}.Release_DLL|Win32.Build.0 = Release|Win32
		{D9B04AF5-2158-49AD-847B-FE1D7F09456D}.Release|Win32.ActiveCfg = Release|Win32
		{D9B04AF5-2158-49AD-847B-FE1D7F09456D}.Release|Win32.Build.0 = Release|Win32
		{D9B04AF5-2158-49AD-847B-FE1D7F09456D}.RelWithDebInfo|Win32.ActiveCfg = Release|Win32
		{D9B04AF5-2158-49AD-847B-FE1D7F09456D}.RelWithDebInfo|Win32.Build.0 = Release|Win32
		{12CF8485-F48B-45D4-A5C6-B3B8D008210A}.Debug_DLL|Win32.ActiveCfg = Debug|Win32
		{12CF8485-F48B-45D4-A5C6-B3B8D008210A}.Debug_DLL|Win32.Build.0 = Debug|Win32
		{12CF8485-F48B-45D4-A5C6-B3B8D008210A}.Debug|Win32.ActiveCfg = Debug|Win32
		{12CF8485-F48B-45D4-A5C6-B3B8D008210A}.Debug|Win32.Build.0 = Debug|Win32
		{12CF8485-F48B-45D4-A5C6-B3B8D008210A}.MinSizeRel|Win32.ActiveCfg = Release|Win32
		{12CF8485-F48B-45D4-A5C6-B3B8D008210A}.MinSizeRel|Win32.Build.0 = Release|Win32
		{12CF8485-F48B-45D4-A5C6-B3B8D008210A}.Release_DLL|Win32.ActiveCfg = Release|Win32
		{12CF8485-F48B-45D4-A5C6-B3B8D008210A}.Release_DLL|Win32.Build.0 = Release|Win32
		{12CF8485-F48B-45D4-A5C6-B3B8D008210A}.Release|Win32.ActiveCfg = Release|Win32
		{12CF8485-F48B-45D4-A5C6-B3B8D008210A}.Release|Win32.Build.0 = Release|Win32
		{12CF8485-F48B-45D4-A5C6-B3B8D008210A}.RelWithDebInfo|Win32.ActiveCfg = Release|Win32
		{12CF8485-F48B-45D4-A5C6-B3B8D008210A}.RelWithDebInfo|Win32.Build.0 = Release|Win32
		{CF7C3B79-E3BC-413A-A340-94FAAF398258}.Debug_DLL|Win32.ActiveCfg = Debug|Win32
		{CF7C3B79-E3BC-413A-A340-94FAAF398258}.Debug_DLL|Win32.Build.0 = Debug|Win32
		{CF7C3B79-E3BC-413A-A340-94FAAF398258}.Debug|Win32.ActiveCfg = Debug|Win32
		{CF7C3B79-E3BC-413A-A340-94FAAF398258}.Debug|Win32.Build.0 = Debug|Win32
		{CF7C3B79-E3BC-413A-A340-94FAAF398258}.MinSizeRel|Win32.ActiveCfg = Release|Win32
		{CF7C3B79-E3BC-413A-A340-94FAAF398258}.MinSizeRel|Win32.Build.0 = Release|Win32
		{CF7C3B79-E3BC-413A-A340-94FAAF398258}.Release_DLL|Win32.ActiveCfg = Release|Win32
		{CF7C3B79-E3BC-413A-A340-94FAAF398258}.Release_DLL|Win32.Build.0 = Release|Win32
		{CF7C3B79-E3BC-413A-A340-94FAAF398258}.Release|Win32.ActiveCfg = Release|Win32
		{CF7C3B79-E3BC-413A-A340-94FAAF398258}.Release|Win32.Build.0 = Release|Win32
		{CF7C3B79-E3BC-413A-A340-94FAAF398258}.RelWithDebInfo|Win32.ActiveCfg = Release|Win32
		{CF7C3B79-E3BC-413A-A340-94FAAF398258}.RelWithDebInfo|Win32.Build.0 = Release|Win32
		{B89C764C-D3E0-4F45-A396-E9EF874CD288}.Debug_DLL|Win32.ActiveCfg = Debug|Win32
		{B89C764C-D3E0-4F45-A396-E9EF874CD288}.Debug_DLL|Win32.Build.0 = Debug|Win32
		{B89C764C-D3E0-4F45-A396-E9EF874CD288}.Debug|Win32.ActiveCfg = Debug|Win32
		{B89C764C-D3E0-4F45-A396-E9EF874CD288}.Debug|Win32.Build.0 = Debug|Win32
		{B89C764C-D3E0-4F45-A396-E9EF874CD288}.MinSizeRel|Win32.ActiveCfg = Release|Win32
		{B89C764C-D3E0-4F45-A396-E9EF874CD288}.MinSizeRel|Win32.Build.0 = Release|Win32
		{B89C764C-D3E0-4F45-A396-E9EF874CD288}.Release_DLL|Win32.ActiveCfg = Release|Win32
		{B89C764C-D3E0-4F45-A396-E9EF874CD288}.Release_DLL|Win32.Build.0 = Release|Win32
		{B89C764C-D3E0-4F45-A396-E9EF874CD288}.Release|Win32.ActiveCfg = Release|Win32
		{B89C764C-D3E0-4F45-A396-E9EF874CD288}.Release|Win32.Build.0 = Release|Win32
		{B89C764C-D3E0-4F45-A396-E9EF874CD288}.RelWithDebInfo|Win32.ActiveCfg = Release|Win32
		{B89C764C-D3E0-4F45-A396-E9EF874CD288}.RelWithDebInfo|Win32.Build.0 = Release|Win32
	EndGlobalSection
	GlobalSection(SolutionProperties) = preSolution
		HideSolutionNode = FALSE
	EndGlobalSection
EndGlobal
