<?xml version="1.0" encoding="utf-8"?>
<Project ToolsVersion="4.0" xmlns="http://schemas.microsoft.com/developer/msbuild/2003">
  <ItemGroup>
    <Filter Include="Source Files">
      <UniqueIdentifier>{833058c6-ac65-49ff-9b40-03f1f9ca50a2}</UniqueIdentifier>
      <Extensions>cpp;c;cxx;rc;def;r;odl;idl;hpj;bat</Extensions>
    </Filter>
    <Filter Include="Resource Files">
      <UniqueIdentifier>{33b1edd5-19a0-47a5-bf09-3b12fcca12b8}</UniqueIdentifier>
      <Extensions>ico;cur;bmp;dlg;rc2;rct;bin;rgs;gif;jpg;jpeg;jpe</Extensions>
    </Filter>
    <Filter Include="Header Files">
      <UniqueIdentifier>{96df90c3-8aaf-45fa-8546-4f9e5fba3926}</UniqueIdentifier>
      <Extensions>h;hpp;hxx;hm;inl</Extensions>
    </Filter>
  </ItemGroup>
  <ItemGroup>
    <ClCompile Include="ComGraphmatFile.cpp">
      <Filter>Source Files</Filter>
    </ClCompile>
    <ClCompile Include="graphan.cpp">
      <Filter>Source Files</Filter>
    </ClCompile>
    <ClCompile Include="RMLLicense.cpp">
      <Filter>Source Files</Filter>
    </ClCompile>
    <ClCompile Include="StdPch.cpp">
      <Filter>Source Files</Filter>
    </ClCompile>
    <ClCompile Include="..\common\utilit.cpp">
      <Filter>Source Files</Filter>
    </ClCompile>
  </ItemGroup>
  <ItemGroup>
    <None Include="graphan.def">
      <Filter>Source Files</Filter>
    </None>
    <None Include="GraphmatFile.rgs">
      <Filter>Resource Files</Filter>
    </None>
  </ItemGroup>
  <ItemGroup>
    <Midl Include="graphan.idl">
      <Filter>Source Files</Filter>
    </Midl>
  </ItemGroup>
  <ItemGroup>
    <ResourceCompile Include="graphan.rc">
      <Filter>Source Files</Filter>
    </ResourceCompile>
  </ItemGroup>
  <ItemGroup>
    <ClInclude Include="ComGraphmatFile.h">
      <Filter>Header Files</Filter>
    </ClInclude>
    <ClInclude Include="graline.h">
      <Filter>Header Files</Filter>
    </ClInclude>
    <ClInclude Include="Resource.h">
      <Filter>Header Files</Filter>
    </ClInclude>
    <ClInclude Include="StdPch.h">
      <Filter>Header Files</Filter>
    </ClInclude>
    <ClInclude Include="UnitHolder.h">
      <Filter>Header Files</Filter>
    </ClInclude>
    <ClInclude Include="..\common\utilit.h">
      <Filter>Header Files</Filter>
    </ClInclude>
  </ItemGroup>
</Project>